// !$*UTF8*$!
{
	archiveVersion = 1;
	classes = {
	};
	objectVersion = 46;
	objects = {

/* Begin PBXBuildFile section */
		189E4F981E73FA6B00C0D8E0 /* RNDeviceBrightness.m in Sources */ = {isa = PBXBuildFile; fileRef = 189E4F971E73FA6B00C0D8E0 /* RNDeviceBrightness.m */; };
		189E4F991E73FA6B00C0D8E0 /* RNDeviceBrightness.h in CopyFiles */ = {isa = PBXBuildFile; fileRef = 189E4F961E73FA6B00C0D8E0 /* RNDeviceBrightness.h */; };
/* End PBXBuildFile section */

/* Begin PBXCopyFilesBuildPhase section */
		189E4F911E73FA6B00C0D8E0 /* CopyFiles */ = {
			isa = PBXCopyFilesBuildPhase;
			buildActionMask = 2147483647;
			dstPath = "include/$(PRODUCT_NAME)";
			dstSubfolderSpec = 16;
			files = (
				189E4F991E73FA6B00C0D8E0 /* RNDeviceBrightness.h in CopyFiles */,
			);
			runOnlyForDeploymentPostprocessing = 0;
		};
/* End PBXCopyFilesBuildPhase section */

/* Begin PBXFileReference section */
		189E4F931E73FA6B00C0D8E0 /* libRNDeviceBrightness.a */ = {isa = PBXFileReference; explicitFileType = archive.ar; includeInIndex = 0; path = libRNDeviceBrightness.a; sourceTree = BUILT_PRODUCTS_DIR; };
		189E4F961E73FA6B00C0D8E0 /* RNDeviceBrightness.h */ = {isa = PBXFileReference; lastKnownFileType = sourcecode.c.h; path = RNDeviceBrightness.h; sourceTree = "<group>"; };
		189E4F971E73FA6B00C0D8E0 /* RNDeviceBrightness.m */ = {isa = PBXFileReference; lastKnownFileType = sourcecode.c.objc; path = RNDeviceBrightness.m; sourceTree = "<group>"; };
/* End PBXFileReference section */

/* Begin PBXFrameworksBuildPhase section */
		189E4F901E73FA6B00C0D8E0 /* Frameworks */ = {
			isa = PBXFrameworksBuildPhase;
			buildActionMask = 2147483647;
			files = (
			);
			runOnlyForDeploymentPostprocessing = 0;
		};
/* End PBXFrameworksBuildPhase section */

/* Begin PBXGroup section */
		189E4F8A1E73FA6B00C0D8E0 = {
			isa = PBXGroup;
			children = (
				189E4F951E73FA6B00C0D8E0 /* RNDeviceBrightness */,
				189E4F941E73FA6B00C0D8E0 /* Products */,
			);
			sourceTree = "<group>";
		};
		189E4F941E73FA6B00C0D8E0 /* Products */ = {
			isa = PBXGroup;
			children = (
				189E4F931E73FA6B00C0D8E0 /* libRNDeviceBrightness.a */,
			);
			name = Products;
			sourceTree = "<group>";
		};
		189E4F951E73FA6B00C0D8E0 /* RNDeviceBrightness */ = {
			isa = PBXGroup;
			children = (
				189E4F961E73FA6B00C0D8E0 /* RNDeviceBrightness.h */,
				189E4F971E73FA6B00C0D8E0 /* RNDeviceBrightness.m */,
			);
			path = RNDeviceBrightness;
			sourceTree = "<group>";
		};
/* End PBXGroup section */

/* Begin PBXNativeTarget section */
		189E4F921E73FA6B00C0D8E0 /* RNDeviceBrightness */ = {
			isa = PBXNativeTarget;
			buildConfigurationList = 189E4F9C1E73FA6B00C0D8E0 /* Build configuration list for PBXNativeTarget "RNDeviceBrightness" */;
			buildPhases = (
				189E4F8F1E73FA6B00C0D8E0 /* Sources */,
				189E4F901E73FA6B00C0D8E0 /* Frameworks */,
				189E4F911E73FA6B00C0D8E0 /* CopyFiles */,
			);
			buildRules = (
			);
			dependencies = (
			);
			name = RNDeviceBrightness;
			productName = RNDeviceBrightness;
			productReference = 189E4F931E73FA6B00C0D8E0 /* libRNDeviceBrightness.a */;
			productType = "com.apple.product-type.library.static";
		};
/* End PBXNativeTarget section */

/* Begin PBXProject section */
		189E4F8B1E73FA6B00C0D8E0 /* Project object */ = {
			isa = PBXProject;
			attributes = {
				LastUpgradeCheck = 0820;
				ORGANIZATIONNAME = CapsLock;
				TargetAttributes = {
					189E4F921E73FA6B00C0D8E0 = {
						CreatedOnToolsVersion = 8.2.1;
						DevelopmentTeam = ZT2WJ442QP;
						ProvisioningStyle = Automatic;
					};
				};
			};
			buildConfigurationList = 189E4F8E1E73FA6B00C0D8E0 /* Build configuration list for PBXProject "RNDeviceBrightness" */;
			compatibilityVersion = "Xcode 3.2";
			developmentRegion = English;
			hasScannedForEncodings = 0;
			knownRegions = (
				en,
			);
			mainGroup = 189E4F8A1E73FA6B00C0D8E0;
			productRefGroup = 189E4F941E73FA6B00C0D8E0 /* Products */;
			projectDirPath = "";
			projectRoot = "";
			targets = (
				189E4F921E73FA6B00C0D8E0 /* RNDeviceBrightness */,
			);
		};
/* End PBXProject section */

/* Begin PBXSourcesBuildPhase section */
		189E4F8F1E73FA6B00C0D8E0 /* Sources */ = {
			isa = PBXSourcesBuildPhase;
			buildActionMask = 2147483647;
			files = (
				189E4F981E73FA6B00C0D8E0 /* RNDeviceBrightness.m in Sources */,
			);
			runOnlyForDeploymentPostprocessing = 0;
		};
/* End PBXSourcesBuildPhase section */

/* Begin XCBuildConfiguration section */
		189E4F9A1E73FA6B00C0D8E0 /* Debug */ = {
			isa = XCBuildConfiguration;
			buildSettings = {
				ALWAYS_SEARCH_USER_PATHS = NO;
				CLANG_ANALYZER_NONNULL = YES;
				CLANG_CXX_LANGUAGE_STANDARD = "gnu++0x";
				CLANG_CXX_LIBRARY = "libc++";
				CLANG_ENABLE_MODULES = YES;
				CLANG_ENABLE_OBJC_ARC = YES;
				CLANG_WARN_BOOL_CONVERSION = YES;
				CLANG_WARN_CONSTANT_CONVERSION = YES;
				CLANG_WARN_DIRECT_OBJC_ISA_USAGE = YES_ERROR;
				CLANG_WARN_DOCUMENTATION_COMMENTS = YES;
				CLANG_WARN_EMPTY_BODY = YES;
				CLANG_WARN_ENUM_CONVERSION = YES;
				CLANG_WARN_INFINITE_RECURSION = YES;
				CLANG_WARN_INT_CONVERSION = YES;
				CLANG_WARN_OBJC_ROOT_CLASS = YES_ERROR;
				CLANG_WARN_SUSPICIOUS_MOVE = YES;
				CLANG_WARN_UNREACHABLE_CODE = YES;
				CLANG_WARN__DUPLICATE_METHOD_MATCH = YES;
				"CODE_SIGN_IDENTITY[sdk=iphoneos*]" = "iPhone Developer";
				COPY_PHASE_STRIP = NO;
				DEBUG_INFORMATION_FORMAT = dwarf;
				ENABLE_STRICT_OBJC_MSGSEND = YES;
				ENABLE_TESTABILITY = YES;
				GCC_C_LANGUAGE_STANDARD = gnu99;
				GCC_DYNAMIC_NO_PIC = NO;
				GCC_NO_COMMON_BLOCKS = YES;
				GCC_OPTIMIZATION_LEVEL = 0;
				GCC_PREPROCESSOR_DEFINITIONS = (
					"DEBUG=1",
					"$(inherited)",
				);
				GCC_WARN_64_TO_32_BIT_CONVERSION = YES;
				GCC_WARN_ABOUT_RETURN_TYPE = YES_ERROR;
				GCC_WARN_UNDECLARED_SELECTOR = YES;
				GCC_WARN_UNINITIALIZED_AUTOS = YES_AGGRESSIVE;
				GCC_WARN_UNUSED_FUNCTION = YES;
				GCC_WARN_UNUSED_VARIABLE = YES;
				IPHONEOS_DEPLOYMENT_TARGET = 10.2;
				MTL_ENABLE_DEBUG_INFO = YES;
				ONLY_ACTIVE_ARCH = YES;
				SDKROOT = iphoneos;
			};
			name = Debug;
		};
		189E4F9B1E73FA6B00C0D8E0 /* Release */ = {
			isa = XCBuildConfiguration;
			buildSettings = {
				ALWAYS_SEARCH_USER_PATHS = NO;
				CLANG_ANALYZER_NONNULL = YES;
				CLANG_CXX_LANGUAGE_STANDARD = "gnu++0x";
				CLANG_CXX_LIBRARY = "libc++";
				CLANG_ENABLE_MODULES = YES;
				CLANG_ENABLE_OBJC_ARC = YES;
				CLANG_WARN_BOOL_CONVERSION = YES;
				CLANG_WARN_CONSTANT_CONVERSION = YES;
				CLANG_WARN_DIRECT_OBJC_ISA_USAGE = YES_ERROR;
				CLANG_WARN_DOCUMENTATION_COMMENTS = YES;
				CLANG_WARN_EMPTY_BODY = YES;
				CLANG_WARN_ENUM_CONVERSION = YES;
				CLANG_WARN_INFINITE_RECURSION = YES;
				CLANG_WARN_INT_CONVERSION = YES;
				CLANG_WARN_OBJC_ROOT_CLASS = YES_ERROR;
				CLANG_WARN_SUSPICIOUS_MOVE = YES;
				CLANG_WARN_UNREACHABLE_CODE = YES;
				CLANG_WARN__DUPLICATE_METHOD_MATCH = YES;
				"CODE_SIGN_IDENTITY[sdk=iphoneos*]" = "iPhone Developer";
				COPY_PHASE_STRIP = NO;
				DEBUG_INFORMATION_FORMAT = "dwarf-with-dsym";
				ENABLE_NS_ASSERTIONS = NO;
				ENABLE_STRICT_OBJC_MSGSEND = YES;
				GCC_C_LANGUAGE_STANDARD = gnu99;
				GCC_NO_COMMON_BLOCKS = YES;
				GCC_WARN_64_TO_32_BIT_CONVERSION = YES;
				GCC_WARN_ABOUT_RETURN_TYPE = YES_ERROR;
				GCC_WARN_UNDECLARED_SELECTOR = YES;
				GCC_WARN_UNINITIALIZED_AUTOS = YES_AGGRESSIVE;
				GCC_WARN_UNUSED_FUNCTION = YES;
				GCC_WARN_UNUSED_VARIABLE = YES;
				IPHONEOS_DEPLOYMENT_TARGET = 10.2;
				MTL_ENABLE_DEBUG_INFO = NO;
				SDKROOT = iphoneos;
				VALIDATE_PRODUCT = YES;
			};
			name = Release;
		};
		189E4F9D1E73FA6B00C0D8E0 /* Debug */ = {
			isa = XCBuildConfiguration;
			buildSettings = {
				DEVELOPMENT_TEAM = ZT2WJ442QP;
				OTHER_LDFLAGS = "-ObjC";
				PRODUCT_NAME = "$(TARGET_NAME)";
				SKIP_INSTALL = YES;
			};
			name = Debug;
		};
		189E4F9E1E73FA6B00C0D8E0 /* Release */ = {
			isa = XCBuildConfiguration;
			buildSettings = {
				DEVELOPMENT_TEAM = ZT2WJ442QP;
				OTHER_LDFLAGS = "-ObjC";
				PRODUCT_NAME = "$(TARGET_NAME)";
				SKIP_INSTALL = YES;
			};
			name = Release;
		};
/* End XCBuildConfiguration section */

/* Begin XCConfigurationList section */
		189E4F8E1E73FA6B00C0D8E0 /* Build configuration list for PBXProject "RNDeviceBrightness" */ = {
			isa = XCConfigurationList;
			buildConfigurations = (
				189E4F9A1E73FA6B00C0D8E0 /* Debug */,
				189E4F9B1E73FA6B00C0D8E0 /* Release */,
			);
			defaultConfigurationIsVisible = 0;
			defaultConfigurationName = Release;
		};
		189E4F9C1E73FA6B00C0D8E0 /* Build configuration list for PBXNativeTarget "RNDeviceBrightness" */ = {
			isa = XCConfigurationList;
			buildConfigurations = (
				189E4F9D1E73FA6B00C0D8E0 /* Debug */,
				189E4F9E1E73FA6B00C0D8E0 /* Release */,
			);
			defaultConfigurationIsVisible = 0;
		};
/* End XCConfigurationList section */
	};
	rootObject = 189E4F8B1E73FA6B00C0D8E0 /* Project object */;
}
